
Microsoft Visual Studio Solution File, Format Version 12.00
# Visual Studio 2012
Project("{8BC9CEB8-8B4A-11D0-8D11-00A0C91BC942}") = "arduinoReaderRelay", "arduinoReaderRelay.vcxproj", "{A3D3F7F9-72A8-4B39-84A4-6816B1CD2ECF}"
EndProject
Global
	GlobalSection(SolutionConfigurationPlatforms) = preSolution
		Debug|Win32 = Debug|Win32
		Release|Win32 = Release|Win32
	EndGlobalSection
	GlobalSection(ProjectConfigurationPlatforms) = postSolution
		{A3D3F7F9-72A8-4B39-84A4-6816B1CD2ECF}.Debug|Win32.ActiveCfg = Debug|Win32
		{A3D3F7F9-72A8-4B39-84A4-6816B1CD2ECF}.Debug|Win32.Build.0 = Debug|Win32
		{A3D3F7F9-72A8-4B39-84A4-6816B1CD2ECF}.Release|Win32.ActiveCfg = Release|Win32
		{A3D3F7F9-72A8-4B39-84A4-6816B1CD2ECF}.Release|Win32.Build.0 = Release|Win32
	EndGlobalSection
	GlobalSection(SolutionProperties) = preSolution
		HideSolutionNode = FALSE
	EndGlobalSection
EndGlobal
